
Microsoft Visual Studio Solution File, Format Version 12.00
# Visual Studio Version 17
VisualStudioVersion = 17.0.31612.314
MinimumVisualStudioVersion = 10.0.40219.1
Project("{F184B08F-C81C-45F6-A57F-5ABD9991F28F}") = "Curso_Udemy_2021", "Curso_Udemy_2021.vbproj", "{DD1F5D65-5C10-436C-8289-C9E69F972692}"
EndProject
Global
	GlobalSection(SolutionConfigurationPlatforms) = preSolution
		Debug|Any CPU = Debug|Any CPU
		Release|Any CPU = Release|Any CPU
	EndGlobalSection
	GlobalSection(ProjectConfigurationPlatforms) = postSolution
		{DD1F5D65-5C10-436C-8289-C9E69F972692}.Debug|Any CPU.ActiveCfg = Debug|Any CPU
		{DD1F5D65-5C10-436C-8289-C9E69F972692}.Debug|Any CPU.Build.0 = Debug|Any CPU
		{DD1F5D65-5C10-436C-8289-C9E69F972692}.Release|Any CPU.ActiveCfg = Release|Any CPU
		{DD1F5D65-5C10-436C-8289-C9E69F972692}.Release|Any CPU.Build.0 = Release|Any CPU
	EndGlobalSection
	GlobalSection(SolutionProperties) = preSolution
		HideSolutionNode = FALSE
	EndGlobalSection
	GlobalSection(ExtensibilityGlobals) = postSolution
		SolutionGuid = {1D859567-6232-4723-8DC0-930E4F80A0F9}
	EndGlobalSection
EndGlobal
